// !$*UTF8*$!
{
	archiveVersion = 1;
	classes = {
	};
	objectVersion = 46;
	objects = {

/* Begin PBXBuildFile section */
		BF10F004171256B900FC1323 /* UIKit.framework in Frameworks */ = {isa = PBXBuildFile; fileRef = BF10F003171256B900FC1323 /* UIKit.framework */; };
		BF10F006171256B900FC1323 /* Foundation.framework in Frameworks */ = {isa = PBXBuildFile; fileRef = BF10F005171256B900FC1323 /* Foundation.framework */; };
		BF10F008171256B900FC1323 /* CoreGraphics.framework in Frameworks */ = {isa = PBXBuildFile; fileRef = BF10F007171256B900FC1323 /* CoreGraphics.framework */; };
		BF10F00E171256B900FC1323 /* InfoPlist.strings in Resources */ = {isa = PBXBuildFile; fileRef = BF10F00C171256B900FC1323 /* InfoPlist.strings */; };
		BF10F010171256B900FC1323 /* main.m in Sources */ = {isa = PBXBuildFile; fileRef = BF10F00F171256B900FC1323 /* main.m */; };
		BF10F014171256B900FC1323 /* AppDelegate.m in Sources */ = {isa = PBXBuildFile; fileRef = BF10F013171256B900FC1323 /* AppDelegate.m */; };
		BF10F016171256B900FC1323 /* Default.png in Resources */ = {isa = PBXBuildFile; fileRef = BF10F015171256B900FC1323 /* Default.png */; };
		BF10F018171256B900FC1323 /* Default@2x.png in Resources */ = {isa = PBXBuildFile; fileRef = BF10F017171256B900FC1323 /* Default@2x.png */; };
		BF10F01A171256B900FC1323 /* Default-568h@2x.png in Resources */ = {isa = PBXBuildFile; fileRef = BF10F019171256B900FC1323 /* Default-568h@2x.png */; };
		BF10F01D171256B900FC1323 /* MainStoryboard_iPhone.storyboard in Resources */ = {isa = PBXBuildFile; fileRef = BF10F01B171256B900FC1323 /* MainStoryboard_iPhone.storyboard */; };
		BF10F023171256BA00FC1323 /* ViewController.m in Sources */ = {isa = PBXBuildFile; fileRef = BF10F022171256BA00FC1323 /* ViewController.m */; };
		BF10F02A17125E5100FC1323 /* AVFoundation.framework in Frameworks */ = {isa = PBXBuildFile; fileRef = BF10F02917125E5100FC1323 /* AVFoundation.framework */; };
		BF10F0301712690900FC1323 /* 10000Hz.mp3 in Resources */ = {isa = PBXBuildFile; fileRef = BF10F02C1712690900FC1323 /* 10000Hz.mp3 */; };
		BF10F0311712690900FC1323 /* 11200Hz.mp3 in Resources */ = {isa = PBXBuildFile; fileRef = BF10F02D1712690900FC1323 /* 11200Hz.mp3 */; };
		BF10F0321712690900FC1323 /* 16000Hz.mp3 in Resources */ = {isa = PBXBuildFile; fileRef = BF10F02E1712690900FC1323 /* 16000Hz.mp3 */; };
		BF10F0331712690900FC1323 /* 8000Hz.mp3 in Resources */ = {isa = PBXBuildFile; fileRef = BF10F02F1712690900FC1323 /* 8000Hz.mp3 */; };
		BF10F0351713136D00FC1323 /* MediaPlayer.framework in Frameworks */ = {isa = PBXBuildFile; fileRef = BF10F0341713136D00FC1323 /* MediaPlayer.framework */; };
/* End PBXBuildFile section */

/* Begin PBXFileReference section */
		BF10F000171256B900FC1323 /* VolumeCalibration.app */ = {isa = PBXFileReference; explicitFileType = wrapper.application; includeInIndex = 0; path = VolumeCalibration.app; sourceTree = BUILT_PRODUCTS_DIR; };
		BF10F003171256B900FC1323 /* UIKit.framework */ = {isa = PBXFileReference; lastKnownFileType = wrapper.framework; name = UIKit.framework; path = System/Library/Frameworks/UIKit.framework; sourceTree = SDKROOT; };
		BF10F005171256B900FC1323 /* Foundation.framework */ = {isa = PBXFileReference; lastKnownFileType = wrapper.framework; name = Foundation.framework; path = System/Library/Frameworks/Foundation.framework; sourceTree = SDKROOT; };
		BF10F007171256B900FC1323 /* CoreGraphics.framework */ = {isa = PBXFileReference; lastKnownFileType = wrapper.framework; name = CoreGraphics.framework; path = System/Library/Frameworks/CoreGraphics.framework; sourceTree = SDKROOT; };
		BF10F00B171256B900FC1323 /* VolumeCalibration-Info.plist */ = {isa = PBXFileReference; lastKnownFileType = text.plist.xml; path = "VolumeCalibration-Info.plist"; sourceTree = "<group>"; };
		BF10F00D171256B900FC1323 /* en */ = {isa = PBXFileReference; lastKnownFileType = text.plist.strings; name = en; path = en.lproj/InfoPlist.strings; sourceTree = "<group>"; };
		BF10F00F171256B900FC1323 /* main.m */ = {isa = PBXFileReference; lastKnownFileType = sourcecode.c.objc; path = main.m; sourceTree = "<group>"; };
		BF10F011171256B900FC1323 /* VolumeCalibration-Prefix.pch */ = {isa = PBXFileReference; lastKnownFileType = sourcecode.c.h; path = "VolumeCalibration-Prefix.pch"; sourceTree = "<group>"; };
		BF10F012171256B900FC1323 /* AppDelegate.h */ = {isa = PBXFileReference; lastKnownFileType = sourcecode.c.h; path = AppDelegate.h; sourceTree = "<group>"; };
		BF10F013171256B900FC1323 /* AppDelegate.m */ = {isa = PBXFileReference; lastKnownFileType = sourcecode.c.objc; path = AppDelegate.m; sourceTree = "<group>"; };
		BF10F015171256B900FC1323 /* Default.png */ = {isa = PBXFileReference; lastKnownFileType = image.png; path = Default.png; sourceTree = "<group>"; };
		BF10F017171256B900FC1323 /* Default@2x.png */ = {isa = PBXFileReference; lastKnownFileType = image.png; path = "Default@2x.png"; sourceTree = "<group>"; };
		BF10F019171256B900FC1323 /* Default-568h@2x.png */ = {isa = PBXFileReference; lastKnownFileType = image.png; path = "Default-568h@2x.png"; sourceTree = "<group>"; };
		BF10F01C171256B900FC1323 /* en */ = {isa = PBXFileReference; lastKnownFileType = file.storyboard; name = en; path = en.lproj/MainStoryboard_iPhone.storyboard; sourceTree = "<group>"; };
		BF10F021171256BA00FC1323 /* ViewController.h */ = {isa = PBXFileReference; lastKnownFileType = sourcecode.c.h; path = ViewController.h; sourceTree = "<group>"; };
		BF10F022171256BA00FC1323 /* ViewController.m */ = {isa = PBXFileReference; lastKnownFileType = sourcecode.c.objc; path = ViewController.m; sourceTree = "<group>"; };
		BF10F02917125E5100FC1323 /* AVFoundation.framework */ = {isa = PBXFileReference; lastKnownFileType = wrapper.framework; name = AVFoundation.framework; path = System/Library/Frameworks/AVFoundation.framework; sourceTree = SDKROOT; };
		BF10F02C1712690900FC1323 /* 10000Hz.mp3 */ = {isa = PBXFileReference; lastKnownFileType = audio.mp3; path = 10000Hz.mp3; sourceTree = "<group>"; };
		BF10F02D1712690900FC1323 /* 11200Hz.mp3 */ = {isa = PBXFileReference; lastKnownFileType = audio.mp3; path = 11200Hz.mp3; sourceTree = "<group>"; };
		BF10F02E1712690900FC1323 /* 16000Hz.mp3 */ = {isa = PBXFileReference; lastKnownFileType = audio.mp3; path = 16000Hz.mp3; sourceTree = "<group>"; };
		BF10F02F1712690900FC1323 /* 8000Hz.mp3 */ = {isa = PBXFileReference; lastKnownFileType = audio.mp3; path = 8000Hz.mp3; sourceTree = "<group>"; };
		BF10F0341713136D00FC1323 /* MediaPlayer.framework */ = {isa = PBXFileReference; lastKnownFileType = wrapper.framework; name = MediaPlayer.framework; path = System/Library/Frameworks/MediaPlayer.framework; sourceTree = SDKROOT; };
/* End PBXFileReference section */

/* Begin PBXFrameworksBuildPhase section */
		BF10EFFD171256B900FC1323 /* Frameworks */ = {
			isa = PBXFrameworksBuildPhase;
			buildActionMask = 2147483647;
			files = (
				BF10F0351713136D00FC1323 /* MediaPlayer.framework in Frameworks */,
				BF10F02A17125E5100FC1323 /* AVFoundation.framework in Frameworks */,
				BF10F004171256B900FC1323 /* UIKit.framework in Frameworks */,
				BF10F006171256B900FC1323 /* Foundation.framework in Frameworks */,
				BF10F008171256B900FC1323 /* CoreGraphics.framework in Frameworks */,
			);
			runOnlyForDeploymentPostprocessing = 0;
		};
/* End PBXFrameworksBuildPhase section */

/* Begin PBXGroup section */
		BF10EFF7171256B900FC1323 = {
			isa = PBXGroup;
			children = (
				BF10F009171256B900FC1323 /* VolumeCalibration */,
				BF10F02B1712690900FC1323 /* Sounds */,
				BF10F002171256B900FC1323 /* Frameworks */,
				BF10F001171256B900FC1323 /* Products */,
			);
			sourceTree = "<group>";
		};
		BF10F001171256B900FC1323 /* Products */ = {
			isa = PBXGroup;
			children = (
				BF10F000171256B900FC1323 /* VolumeCalibration.app */,
			);
			name = Products;
			sourceTree = "<group>";
		};
		BF10F002171256B900FC1323 /* Frameworks */ = {
			isa = PBXGroup;
			children = (
				BF10F0341713136D00FC1323 /* MediaPlayer.framework */,
				BF10F02917125E5100FC1323 /* AVFoundation.framework */,
				BF10F003171256B900FC1323 /* UIKit.framework */,
				BF10F005171256B900FC1323 /* Foundation.framework */,
				BF10F007171256B900FC1323 /* CoreGraphics.framework */,
			);
			name = Frameworks;
			sourceTree = "<group>";
		};
		BF10F009171256B900FC1323 /* VolumeCalibration */ = {
			isa = PBXGroup;
			children = (
				BF10F012171256B900FC1323 /* AppDelegate.h */,
				BF10F013171256B900FC1323 /* AppDelegate.m */,
				BF10F01B171256B900FC1323 /* MainStoryboard_iPhone.storyboard */,
				BF10F021171256BA00FC1323 /* ViewController.h */,
				BF10F022171256BA00FC1323 /* ViewController.m */,
				BF10F00A171256B900FC1323 /* Supporting Files */,
			);
			path = VolumeCalibration;
			sourceTree = "<group>";
		};
		BF10F00A171256B900FC1323 /* Supporting Files */ = {
			isa = PBXGroup;
			children = (
				BF10F00B171256B900FC1323 /* VolumeCalibration-Info.plist */,
				BF10F00C171256B900FC1323 /* InfoPlist.strings */,
				BF10F00F171256B900FC1323 /* main.m */,
				BF10F011171256B900FC1323 /* VolumeCalibration-Prefix.pch */,
				BF10F015171256B900FC1323 /* Default.png */,
				BF10F017171256B900FC1323 /* Default@2x.png */,
				BF10F019171256B900FC1323 /* Default-568h@2x.png */,
			);
			name = "Supporting Files";
			sourceTree = "<group>";
		};
		BF10F02B1712690900FC1323 /* Sounds */ = {
			isa = PBXGroup;
			children = (
				BF10F02C1712690900FC1323 /* 10000Hz.mp3 */,
				BF10F02D1712690900FC1323 /* 11200Hz.mp3 */,
				BF10F02E1712690900FC1323 /* 16000Hz.mp3 */,
				BF10F02F1712690900FC1323 /* 8000Hz.mp3 */,
			);
			name = Sounds;
			path = VolumeCalibration/Sounds;
			sourceTree = "<group>";
		};
/* End PBXGroup section */

/* Begin PBXNativeTarget section */
		BF10EFFF171256B900FC1323 /* VolumeCalibration */ = {
			isa = PBXNativeTarget;
			buildConfigurationList = BF10F026171256BA00FC1323 /* Build configuration list for PBXNativeTarget "VolumeCalibration" */;
			buildPhases = (
				BF10EFFC171256B900FC1323 /* Sources */,
				BF10EFFD171256B900FC1323 /* Frameworks */,
				BF10EFFE171256B900FC1323 /* Resources */,
			);
			buildRules = (
			);
			dependencies = (
			);
			name = VolumeCalibration;
			productName = VolumeCalibration;
			productReference = BF10F000171256B900FC1323 /* VolumeCalibration.app */;
			productType = "com.apple.product-type.application";
		};
/* End PBXNativeTarget section */

/* Begin PBXProject section */
		BF10EFF8171256B900FC1323 /* Project object */ = {
			isa = PBXProject;
			attributes = {
				LastUpgradeCheck = 0460;
				ORGANIZATIONNAME = "Alden Keefe Sampson";
			};
			buildConfigurationList = BF10EFFB171256B900FC1323 /* Build configuration list for PBXProject "VolumeCalibration" */;
			compatibilityVersion = "Xcode 3.2";
			developmentRegion = English;
			hasScannedForEncodings = 0;
			knownRegions = (
				en,
			);
			mainGroup = BF10EFF7171256B900FC1323;
			productRefGroup = BF10F001171256B900FC1323 /* Products */;
			projectDirPath = "";
			projectRoot = "";
			targets = (
				BF10EFFF171256B900FC1323 /* VolumeCalibration */,
			);
		};
/* End PBXProject section */

/* Begin PBXResourcesBuildPhase section */
		BF10EFFE171256B900FC1323 /* Resources */ = {
			isa = PBXResourcesBuildPhase;
			buildActionMask = 2147483647;
			files = (
				BF10F00E171256B900FC1323 /* InfoPlist.strings in Resources */,
				BF10F016171256B900FC1323 /* Default.png in Resources */,
				BF10F018171256B900FC1323 /* Default@2x.png in Resources */,
				BF10F01A171256B900FC1323 /* Default-568h@2x.png in Resources */,
				BF10F01D171256B900FC1323 /* MainStoryboard_iPhone.storyboard in Resources */,
				BF10F0301712690900FC1323 /* 10000Hz.mp3 in Resources */,
				BF10F0311712690900FC1323 /* 11200Hz.mp3 in Resources */,
				BF10F0321712690900FC1323 /* 16000Hz.mp3 in Resources */,
				BF10F0331712690900FC1323 /* 8000Hz.mp3 in Resources */,
			);
			runOnlyForDeploymentPostprocessing = 0;
		};
/* End PBXResourcesBuildPhase section */

/* Begin PBXSourcesBuildPhase section */
		BF10EFFC171256B900FC1323 /* Sources */ = {
			isa = PBXSourcesBuildPhase;
			buildActionMask = 2147483647;
			files = (
				BF10F010171256B900FC1323 /* main.m in Sources */,
				BF10F014171256B900FC1323 /* AppDelegate.m in Sources */,
				BF10F023171256BA00FC1323 /* ViewController.m in Sources */,
			);
			runOnlyForDeploymentPostprocessing = 0;
		};
/* End PBXSourcesBuildPhase section */

/* Begin PBXVariantGroup section */
		BF10F00C171256B900FC1323 /* InfoPlist.strings */ = {
			isa = PBXVariantGroup;
			children = (
				BF10F00D171256B900FC1323 /* en */,
			);
			name = InfoPlist.strings;
			sourceTree = "<group>";
		};
		BF10F01B171256B900FC1323 /* MainStoryboard_iPhone.storyboard */ = {
			isa = PBXVariantGroup;
			children = (
				BF10F01C171256B900FC1323 /* en */,
			);
			name = MainStoryboard_iPhone.storyboard;
			sourceTree = "<group>";
		};
/* End PBXVariantGroup section */

/* Begin XCBuildConfiguration section */
		BF10F024171256BA00FC1323 /* Debug */ = {
			isa = XCBuildConfiguration;
			buildSettings = {
				ALWAYS_SEARCH_USER_PATHS = NO;
				CLANG_CXX_LANGUAGE_STANDARD = "gnu++0x";
				CLANG_CXX_LIBRARY = "libc++";
				CLANG_ENABLE_OBJC_ARC = YES;
				CLANG_WARN_CONSTANT_CONVERSION = YES;
				CLANG_WARN_EMPTY_BODY = YES;
				CLANG_WARN_ENUM_CONVERSION = YES;
				CLANG_WARN_INT_CONVERSION = YES;
				CLANG_WARN__DUPLICATE_METHOD_MATCH = YES;
				"CODE_SIGN_IDENTITY[sdk=iphoneos*]" = "iPhone Developer";
				COPY_PHASE_STRIP = NO;
				GCC_C_LANGUAGE_STANDARD = gnu99;
				GCC_DYNAMIC_NO_PIC = NO;
				GCC_OPTIMIZATION_LEVEL = 0;
				GCC_PREPROCESSOR_DEFINITIONS = (
					"DEBUG=1",
					"$(inherited)",
				);
				GCC_SYMBOLS_PRIVATE_EXTERN = NO;
				GCC_WARN_ABOUT_RETURN_TYPE = YES;
				GCC_WARN_UNINITIALIZED_AUTOS = YES;
				GCC_WARN_UNUSED_VARIABLE = YES;
				IPHONEOS_DEPLOYMENT_TARGET = 6.1;
				ONLY_ACTIVE_ARCH = YES;
				SDKROOT = iphoneos;
				TARGETED_DEVICE_FAMILY = "1,2";
			};
			name = Debug;
		};
		BF10F025171256BA00FC1323 /* Release */ = {
			isa = XCBuildConfiguration;
			buildSettings = {
				ALWAYS_SEARCH_USER_PATHS = NO;
				CLANG_CXX_LANGUAGE_STANDARD = "gnu++0x";
				CLANG_CXX_LIBRARY = "libc++";
				CLANG_ENABLE_OBJC_ARC = YES;
				CLANG_WARN_CONSTANT_CONVERSION = YES;
				CLANG_WARN_EMPTY_BODY = YES;
				CLANG_WARN_ENUM_CONVERSION = YES;
				CLANG_WARN_INT_CONVERSION = YES;
				CLANG_WARN__DUPLICATE_METHOD_MATCH = YES;
				"CODE_SIGN_IDENTITY[sdk=iphoneos*]" = "iPhone Developer";
				COPY_PHASE_STRIP = YES;
				GCC_C_LANGUAGE_STANDARD = gnu99;
				GCC_WARN_ABOUT_RETURN_TYPE = YES;
				GCC_WARN_UNINITIALIZED_AUTOS = YES;
				GCC_WARN_UNUSED_VARIABLE = YES;
				IPHONEOS_DEPLOYMENT_TARGET = 6.1;
				OTHER_CFLAGS = "-DNS_BLOCK_ASSERTIONS=1";
				SDKROOT = iphoneos;
				TARGETED_DEVICE_FAMILY = "1,2";
				VALIDATE_PRODUCT = YES;
			};
			name = Release;
		};
		BF10F027171256BA00FC1323 /* Debug */ = {
			isa = XCBuildConfiguration;
			buildSettings = {
				GCC_PRECOMPILE_PREFIX_HEADER = YES;
				GCC_PREFIX_HEADER = "VolumeCalibration/VolumeCalibration-Prefix.pch";
				INFOPLIST_FILE = "VolumeCalibration/VolumeCalibration-Info.plist";
				PRODUCT_NAME = "$(TARGET_NAME)";
				TARGETED_DEVICE_FAMILY = 1;
				WRAPPER_EXTENSION = app;
			};
			name = Debug;
		};
		BF10F028171256BA00FC1323 /* Release */ = {
			isa = XCBuildConfiguration;
			buildSettings = {
				GCC_PRECOMPILE_PREFIX_HEADER = YES;
				GCC_PREFIX_HEADER = "VolumeCalibration/VolumeCalibration-Prefix.pch";
				INFOPLIST_FILE = "VolumeCalibration/VolumeCalibration-Info.plist";
				PRODUCT_NAME = "$(TARGET_NAME)";
				TARGETED_DEVICE_FAMILY = 1;
				WRAPPER_EXTENSION = app;
			};
			name = Release;
		};
/* End XCBuildConfiguration section */

/* Begin XCConfigurationList section */
		BF10EFFB171256B900FC1323 /* Build configuration list for PBXProject "VolumeCalibration" */ = {
			isa = XCConfigurationList;
			buildConfigurations = (
				BF10F024171256BA00FC1323 /* Debug */,
				BF10F025171256BA00FC1323 /* Release */,
			);
			defaultConfigurationIsVisible = 0;
			defaultConfigurationName = Release;
		};
		BF10F026171256BA00FC1323 /* Build configuration list for PBXNativeTarget "VolumeCalibration" */ = {
			isa = XCConfigurationList;
			buildConfigurations = (
				BF10F027171256BA00FC1323 /* Debug */,
				BF10F028171256BA00FC1323 /* Release */,
			);
			defaultConfigurationIsVisible = 0;
		};
/* End XCConfigurationList section */
	};
	rootObject = BF10EFF8171256B900FC1323 /* Project object */;
}
